<?xml version="1.0" encoding="UTF-8" standalone="yes" ?>
<CodeBlocks_project_file>
	<FileVersion major="1" minor="6" />
	<Project>
		<Option title="CadastroPropina" />
		<Option pch_mode="2" />
		<Option compiler="gcc" />
		<Build>
			<Target title="Debug">
				<Option output="bin/Debug/CadastroPropina" prefix_auto="1" extension_auto="1" />
				<Option object_output="obj/Debug/" />
				<Option type="1" />
				<Option compiler="gcc" />
				<Compiler>
					<Add option="-g" />
				</Compiler>
			</Target>
			<Target title="Release">
				<Option output="bin/Release/CadastroPropina" prefix_auto="1" extension_auto="1" />
				<Option object_output="obj/Release/" />
				<Option type="1" />
				<Option compiler="gcc" />
				<Compiler>
					<Add option="-O2" />
				</Compiler>
				<Linker>
					<Add option="-s" />
				</Linker>
			</Target>
		</Build>
		<Compiler>
			<Add option="-Wall" />
		</Compiler>
		<Unit filename="main.c">
			<Option compilerVar="CC" />
		</Unit>
		<Unit filename="partido/lista_partido.c">
			<Option compilerVar="CC" />
		</Unit>
		<Unit filename="partido/lista_partido.h" />
		<Unit filename="partido/partido.c">
			<Option compilerVar="CC" />
		</Unit>
		<Unit filename="partido/partido.h" />
		<Unit filename="politico/lista_politico.c">
			<Option compilerVar="CC" />
		</Unit>
		<Unit filename="politico/lista_politico.h" />
		<Unit filename="politico/politico.c">
			<Option compilerVar="CC" />
		</Unit>
		<Unit filename="politico/politico.h" />
		<Unit filename="telas/tela.c">
			<Option compilerVar="CC" />
		</Unit>
		<Unit filename="telas/tela.h" />
		<Unit filename="util/arquivo.c">
			<Option compilerVar="CC" />
		</Unit>
		<Unit filename="util/arquivo.h" />
		<Unit filename="util/enums.h" />
		<Extensions>
			<code_completion />
			<debugger />
		</Extensions>
	</Project>
</CodeBlocks_project_file>
